
Microsoft Visual Studio Solution File, Format Version 12.00
# Visual Studio 2012
Project("{FAE04EC0-301F-11D3-BF4B-00C04F79EFBC}") = "Ex1", "Ex1\Ex1.csproj", "{F3C14632-60EF-4864-8360-A6D766E70F01}"
EndProject
Global
	GlobalSection(SolutionConfigurationPlatforms) = preSolution
		Debug|Any CPU = Debug|Any CPU
		Release|Any CPU = Release|Any CPU
	EndGlobalSection
	GlobalSection(ProjectConfigurationPlatforms) = postSolution
		{F3C14632-60EF-4864-8360-A6D766E70F01}.Debug|Any CPU.ActiveCfg = Debug|Any CPU
		{F3C14632-60EF-4864-8360-A6D766E70F01}.Debug|Any CPU.Build.0 = Debug|Any CPU
		{F3C14632-60EF-4864-8360-A6D766E70F01}.Release|Any CPU.ActiveCfg = Release|Any CPU
		{F3C14632-60EF-4864-8360-A6D766E70F01}.Release|Any CPU.Build.0 = Release|Any CPU
	EndGlobalSection
	GlobalSection(SolutionProperties) = preSolution
		HideSolutionNode = FALSE
	EndGlobalSection
EndGlobal
